{
  "name": "discordbot-main",
  "version": "1.0.0",
  "lockfileVersion": 1,
  "requires": true,
  "dependencies": {
    "line-reader": {
      "version": "0.4.0",
      "resolved": "https://registry.npmjs.org/line-reader/-/line-reader-0.4.0.tgz",
      "integrity": "sha1-F+RIGNoKwzVnW6MAlU+U72cOZv0="
    },
    "openweather-apis": {
      "version": "4.4.1",
      "resolved": "https://registry.npmjs.org/openweather-apis/-/openweather-apis-4.4.1.tgz",
      "integrity": "sha512-/t3IVSEwLFQN2xBdu4iAib9OifLzdAbea/OCokchZgvMOgwMEmr8g/pRz2HjuYQpHp6HWaiS2dMf5h48LJPGug=="
    }
  }
}
